{
  "originHash" : "5fb4df59ac8379242f66695290c227e4d3a18b2b776ea0f13d868851241455de",
  "pins" : [
    {
      "identity" : "icalendarparser",
      "kind" : "remoteSourceControl",
      "location" : "https://github.com/dmail-me/iCalendarParser",
      "state" : {
        "revision" : "f87378ca7b2d59533c9562324b17a8caf20f26a2",
        "version" : "0.2.0"
      }
    }
  ],
  "version" : 3
}
